
Microsoft Visual Studio Solution File, Format Version 12.00
# Visual Studio Version 16
VisualStudioVersion = 16.0.30709.132
MinimumVisualStudioVersion = 10.0.40219.1
Project("{FAE04EC0-301F-11D3-BF4B-00C04F79EFBC}") = "SortingDeckOfCards", "SortingDeckOfCards.csproj", "{8EFC7B86-6965-43D9-B4F9-471CC58C3A78}"
EndProject
Global
	GlobalSection(SolutionConfigurationPlatforms) = preSolution
		Debug|Any CPU = Debug|Any CPU
		Release|Any CPU = Release|Any CPU
	EndGlobalSection
	GlobalSection(ProjectConfigurationPlatforms) = postSolution
		{8EFC7B86-6965-43D9-B4F9-471CC58C3A78}.Debug|Any CPU.ActiveCfg = Debug|Any CPU
		{8EFC7B86-6965-43D9-B4F9-471CC58C3A78}.Debug|Any CPU.Build.0 = Debug|Any CPU
		{8EFC7B86-6965-43D9-B4F9-471CC58C3A78}.Release|Any CPU.ActiveCfg = Release|Any CPU
		{8EFC7B86-6965-43D9-B4F9-471CC58C3A78}.Release|Any CPU.Build.0 = Release|Any CPU
	EndGlobalSection
	GlobalSection(SolutionProperties) = preSolution
		HideSolutionNode = FALSE
	EndGlobalSection
	GlobalSection(ExtensibilityGlobals) = postSolution
		SolutionGuid = {AEA9EF5B-D425-4A69-8AD2-2D8CF3B852C9}
	EndGlobalSection
EndGlobal
